// !$*UTF8*$!
{
	archiveVersion = 1;
	classes = {
	};
	objectVersion = 46;
	objects = {

/* Begin PBXBuildFile section */
		3FE71BCD1D829A4A00FCB91C /* AppDelegate.swift in Sources */ = {isa = PBXBuildFile; fileRef = 3FE71BCC1D829A4A00FCB91C /* AppDelegate.swift */; };
		3FE71BCF1D829A4A00FCB91C /* ViewController.swift in Sources */ = {isa = PBXBuildFile; fileRef = 3FE71BCE1D829A4A00FCB91C /* ViewController.swift */; };
		3FE71BD21D829A4A00FCB91C /* Main.storyboard in Resources */ = {isa = PBXBuildFile; fileRef = 3FE71BD01D829A4A00FCB91C /* Main.storyboard */; };
		3FE71BD41D829A4A00FCB91C /* Assets.xcassets in Resources */ = {isa = PBXBuildFile; fileRef = 3FE71BD31D829A4A00FCB91C /* Assets.xcassets */; };
		3FE71BD71D829A4A00FCB91C /* LaunchScreen.storyboard in Resources */ = {isa = PBXBuildFile; fileRef = 3FE71BD51D829A4A00FCB91C /* LaunchScreen.storyboard */; };
/* End PBXBuildFile section */

/* Begin PBXFileReference section */
		3FE71BC91D829A4A00FCB91C /* iWeather.app */ = {isa = PBXFileReference; explicitFileType = wrapper.application; includeInIndex = 0; path = iWeather.app; sourceTree = BUILT_PRODUCTS_DIR; };
		3FE71BCC1D829A4A00FCB91C /* AppDelegate.swift */ = {isa = PBXFileReference; lastKnownFileType = sourcecode.swift; path = AppDelegate.swift; sourceTree = "<group>"; };
		3FE71BCE1D829A4A00FCB91C /* ViewController.swift */ = {isa = PBXFileReference; lastKnownFileType = sourcecode.swift; path = ViewController.swift; sourceTree = "<group>"; };
		3FE71BD11D829A4A00FCB91C /* Base */ = {isa = PBXFileReference; lastKnownFileType = file.storyboard; name = Base; path = Base.lproj/Main.storyboard; sourceTree = "<group>"; };
		3FE71BD31D829A4A00FCB91C /* Assets.xcassets */ = {isa = PBXFileReference; lastKnownFileType = folder.assetcatalog; path = Assets.xcassets; sourceTree = "<group>"; };
		3FE71BD61D829A4A00FCB91C /* Base */ = {isa = PBXFileReference; lastKnownFileType = file.storyboard; name = Base; path = Base.lproj/LaunchScreen.storyboard; sourceTree = "<group>"; };
		3FE71BD81D829A4A00FCB91C /* Info.plist */ = {isa = PBXFileReference; lastKnownFileType = text.plist.xml; path = Info.plist; sourceTree = "<group>"; };
/* End PBXFileReference section */

/* Begin PBXFrameworksBuildPhase section */
		3FE71BC61D829A4A00FCB91C /* Frameworks */ = {
			isa = PBXFrameworksBuildPhase;
			buildActionMask = 2147483647;
			files = (
			);
			runOnlyForDeploymentPostprocessing = 0;
		};
/* End PBXFrameworksBuildPhase section */

/* Begin PBXGroup section */
		3FE71BC01D829A4A00FCB91C = {
			isa = PBXGroup;
			children = (
				3FE71BCB1D829A4A00FCB91C /* iWeather */,
				3FE71BCA1D829A4A00FCB91C /* Products */,
			);
			sourceTree = "<group>";
		};
		3FE71BCA1D829A4A00FCB91C /* Products */ = {
			isa = PBXGroup;
			children = (
				3FE71BC91D829A4A00FCB91C /* iWeather.app */,
			);
			name = Products;
			sourceTree = "<group>";
		};
		3FE71BCB1D829A4A00FCB91C /* iWeather */ = {
			isa = PBXGroup;
			children = (
				3FE71BCC1D829A4A00FCB91C /* AppDelegate.swift */,
				3FE71BCE1D829A4A00FCB91C /* ViewController.swift */,
				3FE71BD01D829A4A00FCB91C /* Main.storyboard */,
				3FE71BD31D829A4A00FCB91C /* Assets.xcassets */,
				3FE71BD51D829A4A00FCB91C /* LaunchScreen.storyboard */,
				3FE71BD81D829A4A00FCB91C /* Info.plist */,
			);
			path = iWeather;
			sourceTree = "<group>";
		};
/* End PBXGroup section */

/* Begin PBXNativeTarget section */
		3FE71BC81D829A4A00FCB91C /* iWeather */ = {
			isa = PBXNativeTarget;
			buildConfigurationList = 3FE71BDB1D829A4A00FCB91C /* Build configuration list for PBXNativeTarget "iWeather" */;
			buildPhases = (
				3FE71BC51D829A4A00FCB91C /* Sources */,
				3FE71BC61D829A4A00FCB91C /* Frameworks */,
				3FE71BC71D829A4A00FCB91C /* Resources */,
			);
			buildRules = (
			);
			dependencies = (
			);
			name = iWeather;
			productName = iWeather;
			productReference = 3FE71BC91D829A4A00FCB91C /* iWeather.app */;
			productType = "com.apple.product-type.application";
		};
/* End PBXNativeTarget section */

/* Begin PBXProject section */
		3FE71BC11D829A4A00FCB91C /* Project object */ = {
			isa = PBXProject;
			attributes = {
				LastSwiftUpdateCheck = 0730;
				LastUpgradeCheck = 0730;
				ORGANIZATIONNAME = MD;
				TargetAttributes = {
					3FE71BC81D829A4A00FCB91C = {
						CreatedOnToolsVersion = 7.3.1;
					};
				};
			};
			buildConfigurationList = 3FE71BC41D829A4A00FCB91C /* Build configuration list for PBXProject "iWeather" */;
			compatibilityVersion = "Xcode 3.2";
			developmentRegion = English;
			hasScannedForEncodings = 0;
			knownRegions = (
				en,
				Base,
			);
			mainGroup = 3FE71BC01D829A4A00FCB91C;
			productRefGroup = 3FE71BCA1D829A4A00FCB91C /* Products */;
			projectDirPath = "";
			projectRoot = "";
			targets = (
				3FE71BC81D829A4A00FCB91C /* iWeather */,
			);
		};
/* End PBXProject section */

/* Begin PBXResourcesBuildPhase section */
		3FE71BC71D829A4A00FCB91C /* Resources */ = {
			isa = PBXResourcesBuildPhase;
			buildActionMask = 2147483647;
			files = (
				3FE71BD71D829A4A00FCB91C /* LaunchScreen.storyboard in Resources */,
				3FE71BD41D829A4A00FCB91C /* Assets.xcassets in Resources */,
				3FE71BD21D829A4A00FCB91C /* Main.storyboard in Resources */,
			);
			runOnlyForDeploymentPostprocessing = 0;
		};
/* End PBXResourcesBuildPhase section */

/* Begin PBXSourcesBuildPhase section */
		3FE71BC51D829A4A00FCB91C /* Sources */ = {
			isa = PBXSourcesBuildPhase;
			buildActionMask = 2147483647;
			files = (
				3FE71BCF1D829A4A00FCB91C /* ViewController.swift in Sources */,
				3FE71BCD1D829A4A00FCB91C /* AppDelegate.swift in Sources */,
			);
			runOnlyForDeploymentPostprocessing = 0;
		};
/* End PBXSourcesBuildPhase section */

/* Begin PBXVariantGroup section */
		3FE71BD01D829A4A00FCB91C /* Main.storyboard */ = {
			isa = PBXVariantGroup;
			children = (
				3FE71BD11D829A4A00FCB91C /* Base */,
			);
			name = Main.storyboard;
			sourceTree = "<group>";
		};
		3FE71BD51D829A4A00FCB91C /* LaunchScreen.storyboard */ = {
			isa = PBXVariantGroup;
			children = (
				3FE71BD61D829A4A00FCB91C /* Base */,
			);
			name = LaunchScreen.storyboard;
			sourceTree = "<group>";
		};
/* End PBXVariantGroup section */

/* Begin XCBuildConfiguration section */
		3FE71BD91D829A4A00FCB91C /* Debug */ = {
			isa = XCBuildConfiguration;
			buildSettings = {
				ALWAYS_SEARCH_USER_PATHS = NO;
				CLANG_ANALYZER_NONNULL = YES;
				CLANG_CXX_LANGUAGE_STANDARD = "gnu++0x";
				CLANG_CXX_LIBRARY = "libc++";
				CLANG_ENABLE_MODULES = YES;
				CLANG_ENABLE_OBJC_ARC = YES;
				CLANG_WARN_BOOL_CONVERSION = YES;
				CLANG_WARN_CONSTANT_CONVERSION = YES;
				CLANG_WARN_DIRECT_OBJC_ISA_USAGE = YES_ERROR;
				CLANG_WARN_EMPTY_BODY = YES;
				CLANG_WARN_ENUM_CONVERSION = YES;
				CLANG_WARN_INT_CONVERSION = YES;
				CLANG_WARN_OBJC_ROOT_CLASS = YES_ERROR;
				CLANG_WARN_UNREACHABLE_CODE = YES;
				CLANG_WARN__DUPLICATE_METHOD_MATCH = YES;
				"CODE_SIGN_IDENTITY[sdk=iphoneos*]" = "iPhone Developer";
				COPY_PHASE_STRIP = NO;
				DEBUG_INFORMATION_FORMAT = dwarf;
				ENABLE_STRICT_OBJC_MSGSEND = YES;
				ENABLE_TESTABILITY = YES;
				GCC_C_LANGUAGE_STANDARD = gnu99;
				GCC_DYNAMIC_NO_PIC = NO;
				GCC_NO_COMMON_BLOCKS = YES;
				GCC_OPTIMIZATION_LEVEL = 0;
				GCC_PREPROCESSOR_DEFINITIONS = (
					"DEBUG=1",
					"$(inherited)",
				);
				GCC_WARN_64_TO_32_BIT_CONVERSION = YES;
				GCC_WARN_ABOUT_RETURN_TYPE = YES_ERROR;
				GCC_WARN_UNDECLARED_SELECTOR = YES;
				GCC_WARN_UNINITIALIZED_AUTOS = YES_AGGRESSIVE;
				GCC_WARN_UNUSED_FUNCTION = YES;
				GCC_WARN_UNUSED_VARIABLE = YES;
				IPHONEOS_DEPLOYMENT_TARGET = 9.3;
				MTL_ENABLE_DEBUG_INFO = YES;
				ONLY_ACTIVE_ARCH = YES;
				SDKROOT = iphoneos;
				SWIFT_OPTIMIZATION_LEVEL = "-Onone";
			};
			name = Debug;
		};
		3FE71BDA1D829A4A00FCB91C /* Release */ = {
			isa = XCBuildConfiguration;
			buildSettings = {
				ALWAYS_SEARCH_USER_PATHS = NO;
				CLANG_ANALYZER_NONNULL = YES;
				CLANG_CXX_LANGUAGE_STANDARD = "gnu++0x";
				CLANG_CXX_LIBRARY = "libc++";
				CLANG_ENABLE_MODULES = YES;
				CLANG_ENABLE_OBJC_ARC = YES;
				CLANG_WARN_BOOL_CONVERSION = YES;
				CLANG_WARN_CONSTANT_CONVERSION = YES;
				CLANG_WARN_DIRECT_OBJC_ISA_USAGE = YES_ERROR;
				CLANG_WARN_EMPTY_BODY = YES;
				CLANG_WARN_ENUM_CONVERSION = YES;
				CLANG_WARN_INT_CONVERSION = YES;
				CLANG_WARN_OBJC_ROOT_CLASS = YES_ERROR;
				CLANG_WARN_UNREACHABLE_CODE = YES;
				CLANG_WARN__DUPLICATE_METHOD_MATCH = YES;
				"CODE_SIGN_IDENTITY[sdk=iphoneos*]" = "iPhone Developer";
				COPY_PHASE_STRIP = NO;
				DEBUG_INFORMATION_FORMAT = "dwarf-with-dsym";
				ENABLE_NS_ASSERTIONS = NO;
				ENABLE_STRICT_OBJC_MSGSEND = YES;
				GCC_C_LANGUAGE_STANDARD = gnu99;
				GCC_NO_COMMON_BLOCKS = YES;
				GCC_WARN_64_TO_32_BIT_CONVERSION = YES;
				GCC_WARN_ABOUT_RETURN_TYPE = YES_ERROR;
				GCC_WARN_UNDECLARED_SELECTOR = YES;
				GCC_WARN_UNINITIALIZED_AUTOS = YES_AGGRESSIVE;
				GCC_WARN_UNUSED_FUNCTION = YES;
				GCC_WARN_UNUSED_VARIABLE = YES;
				IPHONEOS_DEPLOYMENT_TARGET = 9.3;
				MTL_ENABLE_DEBUG_INFO = NO;
				SDKROOT = iphoneos;
				VALIDATE_PRODUCT = YES;
			};
			name = Release;
		};
		3FE71BDC1D829A4A00FCB91C /* Debug */ = {
			isa = XCBuildConfiguration;
			buildSettings = {
				ASSETCATALOG_COMPILER_APPICON_NAME = AppIcon;
				INFOPLIST_FILE = iWeather/Info.plist;
				LD_RUNPATH_SEARCH_PATHS = "$(inherited) @executable_path/Frameworks";
				PRODUCT_BUNDLE_IDENTIFIER = com.dmd.iWeather;
				PRODUCT_NAME = "$(TARGET_NAME)";
			};
			name = Debug;
		};
		3FE71BDD1D829A4A00FCB91C /* Release */ = {
			isa = XCBuildConfiguration;
			buildSettings = {
				ASSETCATALOG_COMPILER_APPICON_NAME = AppIcon;
				INFOPLIST_FILE = iWeather/Info.plist;
				LD_RUNPATH_SEARCH_PATHS = "$(inherited) @executable_path/Frameworks";
				PRODUCT_BUNDLE_IDENTIFIER = com.dmd.iWeather;
				PRODUCT_NAME = "$(TARGET_NAME)";
			};
			name = Release;
		};
/* End XCBuildConfiguration section */

/* Begin XCConfigurationList section */
		3FE71BC41D829A4A00FCB91C /* Build configuration list for PBXProject "iWeather" */ = {
			isa = XCConfigurationList;
			buildConfigurations = (
				3FE71BD91D829A4A00FCB91C /* Debug */,
				3FE71BDA1D829A4A00FCB91C /* Release */,
			);
			defaultConfigurationIsVisible = 0;
			defaultConfigurationName = Release;
		};
		3FE71BDB1D829A4A00FCB91C /* Build configuration list for PBXNativeTarget "iWeather" */ = {
			isa = XCConfigurationList;
			buildConfigurations = (
				3FE71BDC1D829A4A00FCB91C /* Debug */,
				3FE71BDD1D829A4A00FCB91C /* Release */,
			);
			defaultConfigurationIsVisible = 0;
		};
/* End XCConfigurationList section */
	};
	rootObject = 3FE71BC11D829A4A00FCB91C /* Project object */;
}
